<?xml version="1.0" encoding="utf-8"?>
<Project ToolsVersion="4.0" xmlns="http://schemas.microsoft.com/developer/msbuild/2003">
  <ItemGroup>
    <Filter Include="Resource Files">
      <UniqueIdentifier>{67DA6AB6-F800-4c08-8B7A-83BB121AAD01}</UniqueIdentifier>
      <Extensions>rc;ico;cur;bmp;dlg;rc2;rct;bin;rgs;gif;jpg;jpeg;jpe;resx;tiff;tif;png;wav;mfcribbon-ms</Extensions>
    </Filter>
    <Filter Include="Resource Files\pch">
      <UniqueIdentifier>{b5fabadf-0fe7-41ff-97b7-6eebcadd5f8a}</UniqueIdentifier>
    </Filter>
    <Filter Include="Resource Files\Shader">
      <UniqueIdentifier>{fc96a375-880a-41e0-afd5-59840fbd031c}</UniqueIdentifier>
    </Filter>
    <Filter Include="Resource Files\Log">
      <UniqueIdentifier>{c21a4192-21bf-422f-98ae-fc589896ab33}</UniqueIdentifier>
    </Filter>
    <Filter Include="CG">
      <UniqueIdentifier>{ba23b245-afeb-4e1c-9131-8b6db581848c}</UniqueIdentifier>
    </Filter>
    <Filter Include="CG\Main">
      <UniqueIdentifier>{0589615b-e457-410f-bfa5-c2d809a99531}</UniqueIdentifier>
    </Filter>
    <Filter Include="ImageLoader">
      <UniqueIdentifier>{a6370fd7-45fd-4c8d-a7d4-706a83a3bdbb}</UniqueIdentifier>
    </Filter>
    <Filter Include="Vulkan">
      <UniqueIdentifier>{34bce929-2846-43d8-b921-940dd952955f}</UniqueIdentifier>
    </Filter>
    <Filter Include="Vulkan\VulkanApp">
      <UniqueIdentifier>{71272d3b-893d-4332-b7d5-6e3e896703e6}</UniqueIdentifier>
    </Filter>
    <Filter Include="CG\Vertex">
      <UniqueIdentifier>{2c2d34a8-609f-498d-9543-b4c0e3bc8953}</UniqueIdentifier>
    </Filter>
  </ItemGroup>
  <ItemGroup>
    <ClCompile Include="Source\main.cpp">
      <Filter>CG\Main</Filter>
    </ClCompile>
    <ClCompile Include="pch.cpp">
      <Filter>Resource Files\pch</Filter>
    </ClCompile>
    <ClCompile Include="Log.cpp">
      <Filter>Resource Files\Log</Filter>
    </ClCompile>
    <ClCompile Include="Source\VulkanApp.cpp">
      <Filter>Vulkan\VulkanApp</Filter>
    </ClCompile>
  </ItemGroup>
  <ItemGroup>
    <ClInclude Include="pch.h">
      <Filter>Resource Files\pch</Filter>
    </ClInclude>
    <ClInclude Include="Log.h">
      <Filter>Resource Files\Log</Filter>
    </ClInclude>
    <ClInclude Include="..\Resources\stb_image\stb_image.h">
      <Filter>ImageLoader</Filter>
    </ClInclude>
    <ClInclude Include="..\Resources\stb_image\stb_image_resize.h">
      <Filter>ImageLoader</Filter>
    </ClInclude>
    <ClInclude Include="..\Resources\stb_image\stb_image_write.h">
      <Filter>ImageLoader</Filter>
    </ClInclude>
    <ClInclude Include="Source\VulkanApp.h">
      <Filter>Vulkan\VulkanApp</Filter>
    </ClInclude>
    <ClInclude Include="Source\Vertex.h">
      <Filter>CG\Vertex</Filter>
    </ClInclude>
  </ItemGroup>
  <ItemGroup>
    <None Include="Shader\fragmentShader.frag">
      <Filter>Resource Files\Shader</Filter>
    </None>
    <None Include="Shader\hdrFragment.frag">
      <Filter>Resource Files\Shader</Filter>
    </None>
    <None Include="Shader\hdrVertex.vert">
      <Filter>Resource Files\Shader</Filter>
    </None>
    <None Include="Shader\vertexShader.vert">
      <Filter>Resource Files\Shader</Filter>
    </None>
    <None Include="Shader\fragmentUI.frag">
      <Filter>Resource Files\Shader</Filter>
    </None>
    <None Include="Shader\vertexUI.vert">
      <Filter>Resource Files\Shader</Filter>
    </None>
    <None Include="Shader\rayMarch.frag">
      <Filter>Resource Files\Shader</Filter>
    </None>
    <None Include="Shader\rayMarch.vert">
      <Filter>Resource Files\Shader</Filter>
    </None>
  </ItemGroup>
</Project>