<?xml version="1.0" encoding="utf-8"?>
<Project ToolsVersion="4.0" xmlns="http://schemas.microsoft.com/developer/msbuild/2003">
  <ItemGroup>
    <Filter Include="Resource Files">
      <UniqueIdentifier>{67DA6AB6-F800-4c08-8B7A-83BB121AAD01}</UniqueIdentifier>
      <Extensions>rc;ico;cur;bmp;dlg;rc2;rct;bin;rgs;gif;jpg;jpeg;jpe;resx;tiff;tif;png;wav;mfcribbon-ms</Extensions>
    </Filter>
    <Filter Include="Resource Files\pch">
      <UniqueIdentifier>{b5fabadf-0fe7-41ff-97b7-6eebcadd5f8a}</UniqueIdentifier>
    </Filter>
    <Filter Include="Resource Files\Shader">
      <UniqueIdentifier>{fc96a375-880a-41e0-afd5-59840fbd031c}</UniqueIdentifier>
    </Filter>
    <Filter Include="Resource Files\Log">
      <UniqueIdentifier>{c21a4192-21bf-422f-98ae-fc589896ab33}</UniqueIdentifier>
    </Filter>
    <Filter Include="CG">
      <UniqueIdentifier>{ba23b245-afeb-4e1c-9131-8b6db581848c}</UniqueIdentifier>
    </Filter>
    <Filter Include="CG\Camera">
      <UniqueIdentifier>{5dfcb967-0cc1-4eff-85e3-14f358078406}</UniqueIdentifier>
    </Filter>
    <Filter Include="CG\Main">
      <UniqueIdentifier>{0589615b-e457-410f-bfa5-c2d809a99531}</UniqueIdentifier>
    </Filter>
    <Filter Include="OpenGL">
      <UniqueIdentifier>{f43a9267-dc70-457b-b26b-9cc19475e823}</UniqueIdentifier>
    </Filter>
    <Filter Include="OpenGL\Window">
      <UniqueIdentifier>{02765212-b8d1-409d-8c73-27ec33bdbf22}</UniqueIdentifier>
    </Filter>
    <Filter Include="CG\Mesh">
      <UniqueIdentifier>{92a8e2da-fdc7-4f4a-ab2b-6328a6f4f093}</UniqueIdentifier>
    </Filter>
    <Filter Include="CG\ShaderLoader">
      <UniqueIdentifier>{c373265a-25b5-4d9d-b86a-fb6e57201bd5}</UniqueIdentifier>
    </Filter>
    <Filter Include="CG\AssetsLoader">
      <UniqueIdentifier>{21ffb0aa-9305-4665-8a94-c2b99faee19b}</UniqueIdentifier>
    </Filter>
    <Filter Include="CG\AssetsLoader\TextureLoader">
      <UniqueIdentifier>{09971883-0caa-4b72-a842-b73906df6738}</UniqueIdentifier>
    </Filter>
    <Filter Include="CG\AssetsLoader\ModelLoader">
      <UniqueIdentifier>{26d006cf-86dd-4664-a7aa-bca2ac060d64}</UniqueIdentifier>
    </Filter>
    <Filter Include="CG\Time">
      <UniqueIdentifier>{e36881de-c9e8-4569-b36a-6252da2fe31b}</UniqueIdentifier>
    </Filter>
    <Filter Include="CG\Scene">
      <UniqueIdentifier>{37e74694-2135-41e1-99ea-5e195f537938}</UniqueIdentifier>
    </Filter>
    <Filter Include="OpenGL\Framebuffer">
      <UniqueIdentifier>{c2025cee-8fbd-4268-ad21-9fdb54c9d800}</UniqueIdentifier>
    </Filter>
    <Filter Include="Scenes">
      <UniqueIdentifier>{4b96768c-1d84-47ce-8423-921128ae6c57}</UniqueIdentifier>
    </Filter>
    <Filter Include="Resource Files\icon">
      <UniqueIdentifier>{3c9a5694-991d-4070-ab53-6446aa1a7f2c}</UniqueIdentifier>
    </Filter>
    <Filter Include="OpenGL\BatchRendering">
      <UniqueIdentifier>{7f5d1406-3fc6-4744-a1af-2243da5e35cb}</UniqueIdentifier>
    </Filter>
    <Filter Include="Scenes\RayMarched">
      <UniqueIdentifier>{064c3875-0ec3-4bab-bff7-360177b0d512}</UniqueIdentifier>
    </Filter>
    <Filter Include="Scenes\GeneralTester">
      <UniqueIdentifier>{c1f95224-2d67-4572-942b-65ec13e4ab96}</UniqueIdentifier>
    </Filter>
    <Filter Include="CG\AssetsLoader\TextureLoader\ImageLoader">
      <UniqueIdentifier>{a6370fd7-45fd-4c8d-a7d4-706a83a3bdbb}</UniqueIdentifier>
    </Filter>
    <Filter Include="CG\Input">
      <UniqueIdentifier>{5488a315-d20e-44f8-ac7e-813342178b61}</UniqueIdentifier>
    </Filter>
    <Filter Include="CG\Utils">
      <UniqueIdentifier>{fecc0a46-343c-48e6-a6d5-2ac5494e3867}</UniqueIdentifier>
    </Filter>
    <Filter Include="CG\Particles">
      <UniqueIdentifier>{2bc8f4d5-f86b-4fdf-9651-d105ade61b75}</UniqueIdentifier>
    </Filter>
    <Filter Include="Scenes\GeneralTester\PhysicStuff">
      <UniqueIdentifier>{f8cc03d3-bd83-4917-9277-b54022c1f1f7}</UniqueIdentifier>
    </Filter>
  </ItemGroup>
  <ItemGroup>
    <ClCompile Include="src\main.cpp">
      <Filter>CG\Main</Filter>
    </ClCompile>
    <ClCompile Include="pch.cpp">
      <Filter>Resource Files\pch</Filter>
    </ClCompile>
    <ClCompile Include="Log.cpp">
      <Filter>Resource Files\Log</Filter>
    </ClCompile>
    <ClCompile Include="src\Window.cpp">
      <Filter>OpenGL\Window</Filter>
    </ClCompile>
    <ClCompile Include="src\Camera.cpp">
      <Filter>CG\Camera</Filter>
    </ClCompile>
    <ClCompile Include="src\Shader.cpp">
      <Filter>CG\ShaderLoader</Filter>
    </ClCompile>
    <ClCompile Include="src\Texture.cpp">
      <Filter>CG\AssetsLoader\TextureLoader</Filter>
    </ClCompile>
    <ClCompile Include="src\Model.cpp">
      <Filter>CG\AssetsLoader\ModelLoader</Filter>
    </ClCompile>
    <ClCompile Include="src\HDRBuffer.cpp">
      <Filter>OpenGL\Framebuffer</Filter>
    </ClCompile>
    <ClCompile Include="src\Application.cpp">
      <Filter>CG</Filter>
    </ClCompile>
    <ClCompile Include="src\RayMarchScene.cpp">
      <Filter>Scenes\RayMarched</Filter>
    </ClCompile>
    <ClCompile Include="src\Test.cpp">
      <Filter>Scenes\GeneralTester</Filter>
    </ClCompile>
    <ClCompile Include="src\WindowsInput.cpp">
      <Filter>OpenGL\Window</Filter>
    </ClCompile>
    <ClCompile Include="src\Random.cpp">
      <Filter>CG\Utils</Filter>
    </ClCompile>
    <ClCompile Include="src\ParticleSystem.cpp">
      <Filter>CG\Particles</Filter>
    </ClCompile>
  </ItemGroup>
  <ItemGroup>
    <ClInclude Include="pch.h">
      <Filter>Resource Files\pch</Filter>
    </ClInclude>
    <ClInclude Include="Log.h">
      <Filter>Resource Files\Log</Filter>
    </ClInclude>
    <ClInclude Include="src\Utilities.h">
      <Filter>Resource Files</Filter>
    </ClInclude>
    <ClInclude Include="src\Window.h">
      <Filter>OpenGL\Window</Filter>
    </ClInclude>
    <ClInclude Include="src\CubeMesh.h">
      <Filter>CG\Mesh</Filter>
    </ClInclude>
    <ClInclude Include="src\Camera.h">
      <Filter>CG\Camera</Filter>
    </ClInclude>
    <ClInclude Include="src\QuadMesh.h">
      <Filter>CG\Mesh</Filter>
    </ClInclude>
    <ClInclude Include="src\Shader.h">
      <Filter>CG\ShaderLoader</Filter>
    </ClInclude>
    <ClInclude Include="..\Resources\stb_image\stb_image.h">
      <Filter>CG\AssetsLoader\TextureLoader\ImageLoader</Filter>
    </ClInclude>
    <ClInclude Include="..\Resources\stb_image\stb_image_resize.h">
      <Filter>CG\AssetsLoader\TextureLoader\ImageLoader</Filter>
    </ClInclude>
    <ClInclude Include="..\Resources\stb_image\stb_image_write.h">
      <Filter>CG\AssetsLoader\TextureLoader\ImageLoader</Filter>
    </ClInclude>
    <ClInclude Include="src\SphereMesh.h">
      <Filter>CG\Mesh</Filter>
    </ClInclude>
    <ClInclude Include="src\Texture.h">
      <Filter>CG\AssetsLoader\TextureLoader</Filter>
    </ClInclude>
    <ClInclude Include="src\Model.h">
      <Filter>CG\AssetsLoader\ModelLoader</Filter>
    </ClInclude>
    <ClInclude Include="src\RayQuadMesh.h">
      <Filter>CG\Mesh</Filter>
    </ClInclude>
    <ClInclude Include="src\Time.h">
      <Filter>CG\Time</Filter>
    </ClInclude>
    <ClInclude Include="src\Scene.h">
      <Filter>CG\Scene</Filter>
    </ClInclude>
    <ClInclude Include="src\SkyboxMesh.h">
      <Filter>CG\Mesh</Filter>
    </ClInclude>
    <ClInclude Include="src\Framebuffer.h">
      <Filter>OpenGL\Framebuffer</Filter>
    </ClInclude>
    <ClInclude Include="src\HDRBuffer.h">
      <Filter>OpenGL\Framebuffer</Filter>
    </ClInclude>
    <ClInclude Include="src\Application.h">
      <Filter>CG</Filter>
    </ClInclude>
    <ClInclude Include="src\Batch.h">
      <Filter>OpenGL\BatchRendering</Filter>
    </ClInclude>
    <ClInclude Include="src\RayMarchScene.h">
      <Filter>Scenes\RayMarched</Filter>
    </ClInclude>
    <ClInclude Include="src\Test.h">
      <Filter>Scenes\GeneralTester</Filter>
    </ClInclude>
    <ClInclude Include="resource.h">
      <Filter>Resource Files</Filter>
    </ClInclude>
    <ClInclude Include="src\KeyCode.h">
      <Filter>CG\Input</Filter>
    </ClInclude>
    <ClInclude Include="src\Input.h">
      <Filter>CG\Input</Filter>
    </ClInclude>
    <ClInclude Include="src\MouseCode.h">
      <Filter>CG\Input</Filter>
    </ClInclude>
    <ClInclude Include="src\Random.h">
      <Filter>CG\Utils</Filter>
    </ClInclude>
    <ClInclude Include="src\VLRCore.h">
      <Filter>CG</Filter>
    </ClInclude>
    <ClInclude Include="src\ParticleSystem.h">
      <Filter>CG\Particles</Filter>
    </ClInclude>
    <ClInclude Include="src\Physic.h">
      <Filter>Scenes\GeneralTester\PhysicStuff</Filter>
    </ClInclude>
  </ItemGroup>
  <ItemGroup>
    <None Include="Shader\fragmentShader.frag">
      <Filter>Resource Files\Shader</Filter>
    </None>
    <None Include="Shader\hdrFragment.frag">
      <Filter>Resource Files\Shader</Filter>
    </None>
    <None Include="Shader\hdrVertex.vert">
      <Filter>Resource Files\Shader</Filter>
    </None>
    <None Include="Shader\vertexShader.vert">
      <Filter>Resource Files\Shader</Filter>
    </None>
    <None Include="Shader\fragmentUI.frag">
      <Filter>Resource Files\Shader</Filter>
    </None>
    <None Include="Shader\vertexUI.vert">
      <Filter>Resource Files\Shader</Filter>
    </None>
    <None Include="Shader\rayMarch.frag">
      <Filter>Resource Files\Shader</Filter>
    </None>
    <None Include="Shader\rayMarch.vert">
      <Filter>Resource Files\Shader</Filter>
    </None>
    <None Include="Shader\skyBox.frag">
      <Filter>Resource Files\Shader</Filter>
    </None>
    <None Include="Shader\skyBox.vert">
      <Filter>Resource Files\Shader</Filter>
    </None>
  </ItemGroup>
  <ItemGroup>
    <ResourceCompile Include="Computer_Graphics.rc">
      <Filter>Resource Files\icon</Filter>
    </ResourceCompile>
  </ItemGroup>
  <ItemGroup>
    <Image Include="LearnCG.ico">
      <Filter>Resource Files\icon</Filter>
    </Image>
  </ItemGroup>
</Project>